<?xml version="1.0" encoding="utf-8"?>
<Project ToolsVersion="4.0" xmlns="http://schemas.microsoft.com/developer/msbuild/2003">
  <ItemGroup>
    <Filter Include="소스 파일">
      <UniqueIdentifier>{4FC737F1-C7A5-4376-A066-2A32D752A2FF}</UniqueIdentifier>
      <Extensions>cpp;c;cc;cxx;def;odl;idl;hpj;bat;asm;asmx</Extensions>
    </Filter>
    <Filter Include="리소스 파일">
      <UniqueIdentifier>{67DA6AB6-F800-4c08-8B7A-83BB121AAD01}</UniqueIdentifier>
      <Extensions>rc;ico;cur;bmp;dlg;rc2;rct;bin;rgs;gif;jpg;jpeg;jpe;resx;tiff;tif;png;wav;mfcribbon-ms</Extensions>
    </Filter>
    <Filter Include="소스 파일\백준">
      <UniqueIdentifier>{38b56930-2753-4f2b-a3b6-20e5ae6cd096}</UniqueIdentifier>
    </Filter>
    <Filter Include="소스 파일\자료구조와 함께 배우는 알고리즘 입문">
      <UniqueIdentifier>{174067b6-4abe-417a-a5e2-1ddcdaafe02e}</UniqueIdentifier>
    </Filter>
    <Filter Include="소스 파일\자료구조와 함께 배우는 알고리즘 입문\2장">
      <UniqueIdentifier>{93995380-89BD-4b04-88EB-625FBE52EBFB}</UniqueIdentifier>
      <Extensions>h;hh;hpp;hxx;hm;inl;inc;ipp;xsd</Extensions>
    </Filter>
    <Filter Include="소스 파일\자료구조와 함께 배우는 알고리즘 입문\1장">
      <UniqueIdentifier>{e5585de1-5214-4ef8-981e-8117e1faba88}</UniqueIdentifier>
    </Filter>
    <Filter Include="소스 파일\백준\9.정렬해보기">
      <UniqueIdentifier>{114602c2-f35f-46c9-8881-020468bcbdb8}</UniqueIdentifier>
    </Filter>
    <Filter Include="소스 파일\백준\10.소수 구하기">
      <UniqueIdentifier>{88645446-4807-4f7f-9120-57a2334c223e}</UniqueIdentifier>
    </Filter>
    <Filter Include="소스 파일\codewars">
      <UniqueIdentifier>{3acd26c2-1171-47ae-b123-005a3293149b}</UniqueIdentifier>
    </Filter>
    <Filter Include="소스 파일\자료구조와 함께 배우는 알고리즘 입문\3장 검색">
      <UniqueIdentifier>{825f465c-879b-4284-bc73-84ae0583b3da}</UniqueIdentifier>
    </Filter>
    <Filter Include="소스 파일\백준\11.스택 사용하기%28기초%29">
      <UniqueIdentifier>{37454fbe-cac0-4a63-bbe9-70c0fa558b0f}</UniqueIdentifier>
    </Filter>
    <Filter Include="소스 파일\백준\12.큐 사용하기">
      <UniqueIdentifier>{6d597eae-5812-4cd5-89d4-f470e0bf025d}</UniqueIdentifier>
    </Filter>
    <Filter Include="소스 파일\자료구조와 함께 배우는 알고리즘 입문\4장 재귀 알고리즘">
      <UniqueIdentifier>{4778a3b0-ce2c-4298-9d3c-0de1da8acd15}</UniqueIdentifier>
    </Filter>
    <Filter Include="소스 파일\백준\13. 덱 사용하기">
      <UniqueIdentifier>{b7ac9f1e-5f5e-47c9-a81f-328bfa59be52}</UniqueIdentifier>
    </Filter>
    <Filter Include="소스 파일\백준\14. 피보나치 수">
      <UniqueIdentifier>{3ec372d7-77bd-4844-b4ce-e4310dcd598e}</UniqueIdentifier>
    </Filter>
    <Filter Include="소스 파일\백준\15. 이항 계수">
      <UniqueIdentifier>{00f3c198-e8cf-48fc-8051-9a9fe95584a0}</UniqueIdentifier>
    </Filter>
    <Filter Include="소스 파일\백준\16. 동적 계획법 기초">
      <UniqueIdentifier>{d889111f-d8ac-475f-a616-b6da71360d44}</UniqueIdentifier>
    </Filter>
    <Filter Include="소스 파일\프로그래밍 대회에서 배우는 알고리즘 문제 해결 전략">
      <UniqueIdentifier>{9adf6763-ab82-4b61-afc7-e16ad1fe6604}</UniqueIdentifier>
    </Filter>
    <Filter Include="소스 파일\백준\17. 구현">
      <UniqueIdentifier>{3c2aae21-959a-47fb-a31e-25d498c9ebec}</UniqueIdentifier>
    </Filter>
    <Filter Include="소스 파일\백준\18. 최대공약수/최소공배수">
      <UniqueIdentifier>{75e5c0bc-81b3-40ae-95b9-580b8bf255be}</UniqueIdentifier>
    </Filter>
    <Filter Include="소스 파일\백준\19. 시뮬레이션">
      <UniqueIdentifier>{48a1e875-b10d-4326-874c-f42481397e0f}</UniqueIdentifier>
    </Filter>
    <Filter Include="소스 파일\code jam">
      <UniqueIdentifier>{053bae7e-2f22-4143-90ca-99c88df2407e}</UniqueIdentifier>
    </Filter>
    <Filter Include="소스 파일\code jam\kick start2019">
      <UniqueIdentifier>{a64b6b2c-7475-434d-9fd0-175164851bdb}</UniqueIdentifier>
    </Filter>
    <Filter Include="소스 파일\code jam\kick start2019\Round A">
      <UniqueIdentifier>{33dca786-d0dd-40c1-907b-ba2ade1c6385}</UniqueIdentifier>
    </Filter>
    <Filter Include="소스 파일\code jam\kick start 2018">
      <UniqueIdentifier>{9d80f67f-1633-443a-9812-75c9dbf46e0b}</UniqueIdentifier>
    </Filter>
    <Filter Include="소스 파일\code jam\kick start2019\Round B">
      <UniqueIdentifier>{fc58374b-f80b-45a3-b911-dd670a3e8f3e}</UniqueIdentifier>
    </Filter>
    <Filter Include="소스 파일\삼성 sw Expert Academy">
      <UniqueIdentifier>{27daeed6-0110-4696-9154-f52cbf2bab55}</UniqueIdentifier>
    </Filter>
    <Filter Include="소스 파일\백준\20. 분할정복">
      <UniqueIdentifier>{0f07e9f1-395f-4120-bfe0-e7231064995f}</UniqueIdentifier>
    </Filter>
    <Filter Include="소스 파일\프로그래밍 대회에서 배우는 알고리즘 문제 해결 전략\08. 동적 계획법">
      <UniqueIdentifier>{2d118cd4-a435-4c4c-8739-7ae8ce905ca5}</UniqueIdentifier>
    </Filter>
    <Filter Include="소스 파일\프로그래밍 대회에서 배우는 알고리즘 문제 해결 전략\04. 알고리즘의 시간 복잡도 분석">
      <UniqueIdentifier>{9b85dddd-0d91-44d7-8ad6-b8219811ce9b}</UniqueIdentifier>
    </Filter>
    <Filter Include="소스 파일\프로그래밍 대회에서 배우는 알고리즘 문제 해결 전략\07. 분할 정복%28divide and conquer%29">
      <UniqueIdentifier>{e4b39d0f-9306-44f1-986c-1f6225983e20}</UniqueIdentifier>
    </Filter>
    <Filter Include="소스 파일\프로그래밍 대회에서 배우는 알고리즘 문제 해결 전략\21. 트리의 구현과 순회">
      <UniqueIdentifier>{f730f159-73f1-4a5a-9fa2-69bea6faed95}</UniqueIdentifier>
    </Filter>
    <Filter Include="소스 파일\code jam\code jam 2019">
      <UniqueIdentifier>{09b87365-a009-4ff3-a628-bb1d48d82c4d}</UniqueIdentifier>
    </Filter>
    <Filter Include="소스 파일\code jam\code jam 2019\Round B">
      <UniqueIdentifier>{f1061071-505e-4aef-9a4d-6ffe37897dfa}</UniqueIdentifier>
    </Filter>
    <Filter Include="소스 파일\백준\21. 수학">
      <UniqueIdentifier>{e63cde6b-fc2d-4cd5-a4de-84eda34d8f28}</UniqueIdentifier>
    </Filter>
  </ItemGroup>
  <ItemGroup>
    <ClCompile Include="5.sum_for_pos.cpp">
      <Filter>소스 파일\자료구조와 함께 배우는 알고리즘 입문\1장</Filter>
    </ClCompile>
    <ClCompile Include="3.med3.cpp">
      <Filter>소스 파일\자료구조와 함께 배우는 알고리즘 입문\1장</Filter>
    </ClCompile>
    <ClCompile Include="1.max3.cpp">
      <Filter>소스 파일\자료구조와 함께 배우는 알고리즘 입문\1장</Filter>
    </ClCompile>
    <ClCompile Include="2.max3comb.cpp">
      <Filter>소스 파일\자료구조와 함께 배우는 알고리즘 입문\1장</Filter>
    </ClCompile>
    <ClCompile Include="4.gauss%27s .cpp">
      <Filter>소스 파일\자료구조와 함께 배우는 알고리즘 입문\1장</Filter>
    </ClCompile>
    <ClCompile Include="6.사후 판단 반복.cpp">
      <Filter>소스 파일\자료구조와 함께 배우는 알고리즘 입문\1장</Filter>
    </ClCompile>
    <ClCompile Include="7.자리수를 출력하기.cpp">
      <Filter>소스 파일\자료구조와 함께 배우는 알고리즘 입문\1장</Filter>
    </ClCompile>
    <ClCompile Include="8.dbl_digits.cpp">
      <Filter>소스 파일\자료구조와 함께 배우는 알고리즘 입문\1장</Filter>
    </ClCompile>
    <ClCompile Include="9.피라미드 출력.cpp">
      <Filter>소스 파일\자료구조와 함께 배우는 알고리즘 입문\1장</Filter>
    </ClCompile>
    <ClCompile Include="..\..\chap02\1.intdynamic.cpp">
      <Filter>소스 파일\자료구조와 함께 배우는 알고리즘 입문\2장</Filter>
    </ClCompile>
    <ClCompile Include="2.intary_dynamic.cpp">
      <Filter>소스 파일\자료구조와 함께 배우는 알고리즘 입문\2장</Filter>
    </ClCompile>
    <ClCompile Include="p53포인터배열.cpp">
      <Filter>소스 파일\자료구조와 함께 배우는 알고리즘 입문\2장</Filter>
    </ClCompile>
    <ClCompile Include="p60ary_max_rand.cpp">
      <Filter>소스 파일\자료구조와 함께 배우는 알고리즘 입문\2장</Filter>
    </ClCompile>
    <ClCompile Include="p66배열역순정렬.cpp">
      <Filter>소스 파일\자료구조와 함께 배우는 알고리즘 입문\2장</Filter>
    </ClCompile>
    <ClCompile Include="p71진수변환.cpp">
      <Filter>소스 파일\자료구조와 함께 배우는 알고리즘 입문\2장</Filter>
    </ClCompile>
    <ClCompile Include="p58최댓값 p74최솟값 합계 평균.cpp">
      <Filter>소스 파일\자료구조와 함께 배우는 알고리즘 입문\2장</Filter>
    </ClCompile>
    <ClCompile Include="p75연습문제%28기수변환+%29.cpp">
      <Filter>소스 파일\자료구조와 함께 배우는 알고리즘 입문\2장</Filter>
    </ClCompile>
    <ClCompile Include="p75배열복사%28c++참고함%29_아직구현중.cpp">
      <Filter>소스 파일\자료구조와 함께 배우는 알고리즘 입문\2장</Filter>
    </ClCompile>
    <ClCompile Include="p75배열복사_reverse,shuffle.cpp">
      <Filter>소스 파일\자료구조와 함께 배우는 알고리즘 입문\2장</Filter>
    </ClCompile>
    <ClCompile Include="p76소수.cpp">
      <Filter>소스 파일\자료구조와 함께 배우는 알고리즘 입문\2장</Filter>
    </ClCompile>
    <ClCompile Include="2581 소수%28에라토스테네스체의 활용%29.cpp">
      <Filter>소스 파일\백준\10.소수 구하기</Filter>
    </ClCompile>
    <ClCompile Include="1978 소수 찾기.cpp">
      <Filter>소스 파일\백준\10.소수 구하기</Filter>
    </ClCompile>
    <ClCompile Include="4948 베르트랑 공준%28소수%29.cpp">
      <Filter>소스 파일\백준\10.소수 구하기</Filter>
    </ClCompile>
    <ClCompile Include="9020 골드바흐의 추측.cpp">
      <Filter>소스 파일\백준\10.소수 구하기</Filter>
    </ClCompile>
    <ClCompile Include="2751.cpp">
      <Filter>소스 파일\백준\9.정렬해보기</Filter>
    </ClCompile>
    <ClCompile Include="2751_try_2%28heap_sort%29.cpp">
      <Filter>소스 파일\백준\9.정렬해보기</Filter>
    </ClCompile>
    <ClCompile Include="2108통계학.cpp">
      <Filter>소스 파일\백준\9.정렬해보기</Filter>
    </ClCompile>
    <ClCompile Include="2751_try_3%28quick_sort%29.cpp">
      <Filter>소스 파일\백준\9.정렬해보기</Filter>
    </ClCompile>
    <ClCompile Include="1427내림차순정렬.cpp">
      <Filter>소스 파일\백준\9.정렬해보기</Filter>
    </ClCompile>
    <ClCompile Include="1181 단어 정렬.cpp">
      <Filter>소스 파일\백준\9.정렬해보기</Filter>
    </ClCompile>
    <ClCompile Include="6kyu_클래스와 나눗셈 조금.cpp">
      <Filter>소스 파일\codewars</Filter>
    </ClCompile>
    <ClCompile Include="p85한 해의 지난 날 수를 계산.cpp">
      <Filter>소스 파일\자료구조와 함께 배우는 알고리즘 입문\2장</Filter>
    </ClCompile>
    <ClCompile Include="p91구조체의 배열.cpp">
      <Filter>소스 파일\자료구조와 함께 배우는 알고리즘 입문\2장</Filter>
    </ClCompile>
    <ClCompile Include="p100 선형검색.cpp">
      <Filter>소스 파일\자료구조와 함께 배우는 알고리즘 입문\3장 검색</Filter>
    </ClCompile>
    <ClCompile Include="p103 보초법%28if문을 줄여 판단의 횟수를 줄임%29.cpp">
      <Filter>소스 파일\자료구조와 함께 배우는 알고리즘 입문\3장 검색</Filter>
    </ClCompile>
    <ClCompile Include="p109 이진 검색.cpp">
      <Filter>소스 파일\자료구조와 함께 배우는 알고리즘 입문\3장 검색</Filter>
    </ClCompile>
    <ClCompile Include="p115배열에서 숫자검색.cpp">
      <Filter>소스 파일\자료구조와 함께 배우는 알고리즘 입문\3장 검색</Filter>
    </ClCompile>
    <ClCompile Include="p115검색출력.cpp">
      <Filter>소스 파일\자료구조와 함께 배우는 알고리즘 입문\3장 검색</Filter>
    </ClCompile>
    <ClCompile Include="p115이진검색 중복인 경우.cpp">
      <Filter>소스 파일\자료구조와 함께 배우는 알고리즘 입문\3장 검색</Filter>
    </ClCompile>
    <ClCompile Include="p117bsearch함수를 활용한 오름차순 검색.cpp">
      <Filter>소스 파일\자료구조와 함께 배우는 알고리즘 입문\3장 검색</Filter>
    </ClCompile>
    <ClCompile Include="p122내림차순 검색.cpp">
      <Filter>소스 파일\자료구조와 함께 배우는 알고리즘 입문\3장 검색</Filter>
    </ClCompile>
    <ClCompile Include="p125덧셈곱셈%28포인터개념%29.cpp">
      <Filter>소스 파일\자료구조와 함께 배우는 알고리즘 입문\3장 검색</Filter>
    </ClCompile>
    <ClCompile Include="p126구조체배열 검색.cpp">
      <Filter>소스 파일\자료구조와 함께 배우는 알고리즘 입문\3장 검색</Filter>
    </ClCompile>
    <ClCompile Include="p140IntStack.cpp">
      <Filter>소스 파일\자료구조와 함께 배우는 알고리즘 입문\3장 검색</Filter>
    </ClCompile>
    <ClCompile Include="p140IntStackTest.cpp">
      <Filter>소스 파일\자료구조와 함께 배우는 알고리즘 입문\3장 검색</Filter>
    </ClCompile>
    <ClCompile Include="p142 연습문제 2번 스텍 2단 구현.cpp">
      <Filter>소스 파일\자료구조와 함께 배우는 알고리즘 입문\3장 검색</Filter>
    </ClCompile>
    <ClCompile Include="p142backgraund.cpp">
      <Filter>소스 파일\자료구조와 함께 배우는 알고리즘 입문\3장 검색</Filter>
    </ClCompile>
    <ClCompile Include="p144큐실행.cpp">
      <Filter>소스 파일\자료구조와 함께 배우는 알고리즘 입문\3장 검색</Filter>
    </ClCompile>
    <ClCompile Include="p144큐.cpp">
      <Filter>소스 파일\자료구조와 함께 배우는 알고리즘 입문\3장 검색</Filter>
    </ClCompile>
    <ClCompile Include="10828 스택.cpp">
      <Filter>소스 파일\백준\11.스택 사용하기%28기초%29</Filter>
    </ClCompile>
    <ClCompile Include="1874 스택 수열.cpp">
      <Filter>소스 파일\백준\11.스택 사용하기%28기초%29</Filter>
    </ClCompile>
    <ClCompile Include="9012 괄호.cpp">
      <Filter>소스 파일\백준\11.스택 사용하기%28기초%29</Filter>
    </ClCompile>
    <ClCompile Include="2504 괄호의 값.cpp">
      <Filter>소스 파일\백준\11.스택 사용하기%28기초%29</Filter>
    </ClCompile>
    <ClCompile Include="10845 큐.cpp">
      <Filter>소스 파일\백준\12.큐 사용하기</Filter>
    </ClCompile>
    <ClCompile Include="p159 링버퍼큐실행.cpp">
      <Filter>소스 파일\자료구조와 함께 배우는 알고리즘 입문\3장 검색</Filter>
    </ClCompile>
    <ClCompile Include="p159 링버퍼큐인터페이스.cpp">
      <Filter>소스 파일\자료구조와 함께 배우는 알고리즘 입문\3장 검색</Filter>
    </ClCompile>
    <ClCompile Include="p166팩토리얼by재귀호출.cpp">
      <Filter>소스 파일\자료구조와 함께 배우는 알고리즘 입문\4장 재귀 알고리즘</Filter>
    </ClCompile>
    <ClCompile Include="p170유클리드호제법.cpp">
      <Filter>소스 파일\자료구조와 함께 배우는 알고리즘 입문\4장 재귀 알고리즘</Filter>
    </ClCompile>
    <ClCompile Include="p171재귀함수호출.cpp">
      <Filter>소스 파일\자료구조와 함께 배우는 알고리즘 입문\4장 재귀 알고리즘</Filter>
    </ClCompile>
    <ClCompile Include="p180하노이의탑+아스키코드.cpp">
      <Filter>소스 파일\자료구조와 함께 배우는 알고리즘 입문\4장 재귀 알고리즘</Filter>
    </ClCompile>
    <ClCompile Include="1260 DFS와 BFS.cpp">
      <Filter>소스 파일\백준\12.큐 사용하기</Filter>
    </ClCompile>
    <ClCompile Include="타이머.cpp">
      <Filter>소스 파일\code jam</Filter>
    </ClCompile>
    <ClCompile Include="1966 printer Queue.cpp">
      <Filter>소스 파일\백준\12.큐 사용하기</Filter>
    </ClCompile>
    <ClCompile Include="11866 조세퍼스 문제.cpp">
      <Filter>소스 파일\백준\12.큐 사용하기</Filter>
    </ClCompile>
    <ClCompile Include="10866 덱.cpp">
      <Filter>소스 파일\백준\13. 덱 사용하기</Filter>
    </ClCompile>
    <ClCompile Include="1021 회전하는 큐.cpp">
      <Filter>소스 파일\백준\13. 덱 사용하기</Filter>
    </ClCompile>
    <ClCompile Include="5430 AC.cpp">
      <Filter>소스 파일\백준\13. 덱 사용하기</Filter>
    </ClCompile>
    <ClCompile Include="2748 피보나치 수 2.cpp">
      <Filter>소스 파일\백준\14. 피보나치 수</Filter>
    </ClCompile>
    <ClCompile Include="9471 피사노 주기.cpp">
      <Filter>소스 파일\백준\14. 피보나치 수</Filter>
    </ClCompile>
    <ClCompile Include="2748 피보나치 수 3.cpp">
      <Filter>소스 파일\백준\14. 피보나치 수</Filter>
    </ClCompile>
    <ClCompile Include="1003 피보나치 함수.cpp">
      <Filter>소스 파일\백준\14. 피보나치 수</Filter>
    </ClCompile>
    <ClCompile Include="11050 이항 계수1.cpp">
      <Filter>소스 파일\백준\15. 이항 계수</Filter>
    </ClCompile>
    <ClCompile Include="11051 이항 계수2.cpp">
      <Filter>소스 파일\백준\15. 이항 계수</Filter>
    </ClCompile>
    <ClCompile Include="11401 이항 계수3%28확장 유클리드 알고리즘, 베주 방정식%29.cpp">
      <Filter>소스 파일\백준\15. 이항 계수</Filter>
    </ClCompile>
    <ClCompile Include="내가 만드는 이항 계수.cpp">
      <Filter>소스 파일\백준\15. 이항 계수</Filter>
    </ClCompile>
    <ClCompile Include="1676 팩토리얼.cpp">
      <Filter>소스 파일\백준\15. 이항 계수</Filter>
    </ClCompile>
    <ClCompile Include="2407 조합.cpp">
      <Filter>소스 파일\백준\15. 이항 계수</Filter>
    </ClCompile>
    <ClCompile Include="6591 이항 쇼다운.cpp">
      <Filter>소스 파일\백준\15. 이항 계수</Filter>
    </ClCompile>
    <ClCompile Include="9375 패션왕 신해빈.cpp">
      <Filter>소스 파일\백준\15. 이항 계수</Filter>
    </ClCompile>
    <ClCompile Include="1149 RGB거리.cpp">
      <Filter>소스 파일\백준\16. 동적 계획법 기초</Filter>
    </ClCompile>
    <ClCompile Include="8.1 재귀 호출을 이용한 이항 계수의 계산.cpp">
      <Filter>소스 파일\프로그래밍 대회에서 배우는 알고리즘 문제 해결 전략\08. 동적 계획법</Filter>
    </ClCompile>
    <ClCompile Include="8.2 메모이제이션을 이용한 이항 계수의 계산.cpp">
      <Filter>소스 파일\프로그래밍 대회에서 배우는 알고리즘 문제 해결 전략\08. 동적 계획법</Filter>
    </ClCompile>
    <ClCompile Include="8.3 메모이제이션의 사용 예.cpp">
      <Filter>소스 파일\프로그래밍 대회에서 배우는 알고리즘 문제 해결 전략\08. 동적 계획법</Filter>
    </ClCompile>
    <ClCompile Include="8.4 외발 뛰기 문제를 해결하는 재귀 호출 알고리즘.cpp">
      <Filter>소스 파일\프로그래밍 대회에서 배우는 알고리즘 문제 해결 전략\08. 동적 계획법</Filter>
    </ClCompile>
    <ClCompile Include="8.6 와일드카드 문제를 해결하는 완전 탐색 알고리즘.cpp">
      <Filter>소스 파일\프로그래밍 대회에서 배우는 알고리즘 문제 해결 전략\08. 동적 계획법</Filter>
    </ClCompile>
    <ClCompile Include="1932 정수 삼각형.cpp">
      <Filter>소스 파일\백준\16. 동적 계획법 기초</Filter>
    </ClCompile>
    <ClCompile Include="2579 계단 오르기.cpp">
      <Filter>소스 파일\백준\16. 동적 계획법 기초</Filter>
    </ClCompile>
    <ClCompile Include="1463 1로 만들기.cpp">
      <Filter>소스 파일\백준\16. 동적 계획법 기초</Filter>
    </ClCompile>
    <ClCompile Include="1005 ACM Craft.cpp">
      <Filter>소스 파일\백준\16. 동적 계획법 기초</Filter>
    </ClCompile>
    <ClCompile Include="10844 쉬운 계단 수.cpp">
      <Filter>소스 파일\백준\16. 동적 계획법 기초</Filter>
    </ClCompile>
    <ClCompile Include="2293 동전1%28점화식%29.cpp">
      <Filter>소스 파일\백준\16. 동적 계획법 기초</Filter>
    </ClCompile>
    <ClCompile Include="2156 포도주 시식.cpp">
      <Filter>소스 파일\백준\16. 동적 계획법 기초</Filter>
    </ClCompile>
    <ClCompile Include="1520 내리막 길.cpp">
      <Filter>소스 파일\백준\16. 동적 계획법 기초</Filter>
    </ClCompile>
    <ClCompile Include="Training%28대충 반복문정도%29.cpp">
      <Filter>소스 파일\code jam\kick start2019\Round A</Filter>
    </ClCompile>
    <ClCompile Include="Parcels%28도시에서 배달하기%29.cpp">
      <Filter>소스 파일\code jam\kick start2019\Round A</Filter>
    </ClCompile>
    <ClCompile Include="9251 LCS%28Longest Common Subsequence%29.cpp">
      <Filter>소스 파일\백준\16. 동적 계획법 기초</Filter>
    </ClCompile>
    <ClCompile Include="소스.cpp">
      <Filter>소스 파일\code jam</Filter>
    </ClCompile>
    <ClCompile Include="11066 파일 합치기.cpp">
      <Filter>소스 파일\백준\16. 동적 계획법 기초</Filter>
    </ClCompile>
    <ClCompile Include="1912 연속합.cpp">
      <Filter>소스 파일\백준\16. 동적 계획법 기초</Filter>
    </ClCompile>
    <ClCompile Include="9461 파도반 수열.cpp">
      <Filter>소스 파일\백준\16. 동적 계획법 기초</Filter>
    </ClCompile>
    <ClCompile Include="3053 택시 기하학%28소수점%29.cpp">
      <Filter>소스 파일\백준\17. 구현</Filter>
    </ClCompile>
    <ClCompile Include="2490 윷놀이%28switch%29.cpp">
      <Filter>소스 파일\백준\17. 구현</Filter>
    </ClCompile>
    <ClCompile Include="9252 LCS 2.cpp">
      <Filter>소스 파일\백준\16. 동적 계획법 기초</Filter>
    </ClCompile>
    <ClCompile Include="1022 소용돌이 예쁘게 출력하기%28string int로, 스트링의 모든것%29.cpp">
      <Filter>소스 파일\백준\17. 구현</Filter>
    </ClCompile>
    <ClCompile Include="1934. 최소공배수.cpp">
      <Filter>소스 파일\백준\18. 최대공약수/최소공배수</Filter>
    </ClCompile>
    <ClCompile Include="13241. 최소공배수.cpp">
      <Filter>소스 파일\백준\18. 최대공약수/최소공배수</Filter>
    </ClCompile>
    <ClCompile Include="2609. 최대공약수와 최소공배수.cpp">
      <Filter>소스 파일\백준\18. 최대공약수/최소공배수</Filter>
    </ClCompile>
    <ClCompile Include="2981 검문.cpp">
      <Filter>소스 파일\백준\18. 최대공약수/최소공배수</Filter>
    </ClCompile>
    <ClCompile Include="1850 최대공약수%28삼항연산자%29.cpp">
      <Filter>소스 파일\백준\18. 최대공약수/최소공배수</Filter>
    </ClCompile>
    <ClCompile Include="3036 링.cpp">
      <Filter>소스 파일\백준\18. 최대공약수/최소공배수</Filter>
    </ClCompile>
    <ClCompile Include="2455 지능형 기차.cpp">
      <Filter>소스 파일\백준\19. 시뮬레이션</Filter>
    </ClCompile>
    <ClCompile Include="1057 토너먼트.cpp">
      <Filter>소스 파일\백준\19. 시뮬레이션</Filter>
    </ClCompile>
    <ClCompile Include="추가 약수의 개수 구하기.cpp">
      <Filter>소스 파일\백준\18. 최대공약수/최소공배수</Filter>
    </ClCompile>
    <ClCompile Include="1024 수열의 합.cpp">
      <Filter>소스 파일\백준\19. 시뮬레이션</Filter>
    </ClCompile>
    <ClCompile Include="10253 헨리%28next%29.cpp">
      <Filter>소스 파일\백준\19. 시뮬레이션</Filter>
    </ClCompile>
    <ClCompile Include="1107 리모컨.cpp">
      <Filter>소스 파일\백준\19. 시뮬레이션</Filter>
    </ClCompile>
    <ClCompile Include="10219 Meats On The Grill.cpp">
      <Filter>소스 파일\백준\19. 시뮬레이션</Filter>
    </ClCompile>
    <ClCompile Include="contention.cpp">
      <Filter>소스 파일\code jam\kick start2019\Round A</Filter>
    </ClCompile>
    <ClCompile Include="Even Digits%28string add, stirng min, string min%29.cpp">
      <Filter>소스 파일\code jam\kick start 2018</Filter>
    </ClCompile>
    <ClCompile Include="Building Palindromes.cpp">
      <Filter>소스 파일\code jam\kick start2019\Round B</Filter>
    </ClCompile>
    <ClCompile Include="energy stone.cpp">
      <Filter>소스 파일\code jam\kick start2019\Round B</Filter>
    </ClCompile>
    <ClCompile Include="diverse subarray.cpp">
      <Filter>소스 파일\code jam\kick start2019\Round B</Filter>
    </ClCompile>
    <ClCompile Include="7508 화물을 옮기는 자.cpp">
      <Filter>소스 파일\삼성 sw Expert Academy</Filter>
    </ClCompile>
    <ClCompile Include="7510 상원이의 연속합%28연속된 배열을 더한다, 연속합%29.cpp">
      <Filter>소스 파일\삼성 sw Expert Academy</Filter>
    </ClCompile>
    <ClCompile Include="1547 공%28swap%29.cpp">
      <Filter>소스 파일\백준\19. 시뮬레이션</Filter>
    </ClCompile>
    <ClCompile Include="11004 k번째 수%28nth_element, 빠른 배열 정리, inline%29.cpp">
      <Filter>소스 파일\백준\20. 분할정복</Filter>
    </ClCompile>
    <ClCompile Include="1780 종이의 개수.cpp">
      <Filter>소스 파일\백준\20. 분할정복</Filter>
    </ClCompile>
    <ClCompile Include="7536 카드 술래잡기.cpp">
      <Filter>소스 파일\삼성 sw Expert Academy</Filter>
    </ClCompile>
    <ClCompile Include="3163 떨어지는 개미%28pair,vector,deque%29.cpp">
      <Filter>소스 파일\백준\19. 시뮬레이션</Filter>
    </ClCompile>
    <ClCompile Include="7532 세영이의 SEM력 연도.cpp">
      <Filter>소스 파일\삼성 sw Expert Academy</Filter>
    </ClCompile>
    <ClCompile Include="6549 히스토그램에서 가장 큰 직사각형.cpp">
      <Filter>소스 파일\백준\20. 분할정복</Filter>
    </ClCompile>
    <ClCompile Include="4.9 최대 연속 부분 구간 합 문제를 푸는 무식한 알고리즘들+4.10 분할정복 알고리즘.cpp">
      <Filter>소스 파일\프로그래밍 대회에서 배우는 알고리즘 문제 해결 전략\04. 알고리즘의 시간 복잡도 분석</Filter>
    </ClCompile>
    <ClCompile Include="1. 1부터 n까지 합을 구하는 분할 정복 알고리즘.cpp">
      <Filter>소스 파일\프로그래밍 대회에서 배우는 알고리즘 문제 해결 전략\07. 분할 정복%28divide and conquer%29</Filter>
    </ClCompile>
    <ClCompile Include="2. 행렬의 거듭제곱을 구하는 분할 정복 알고리즘 .cpp">
      <Filter>소스 파일\프로그래밍 대회에서 배우는 알고리즘 문제 해결 전략\07. 분할 정복%28divide and conquer%29</Filter>
    </ClCompile>
    <ClCompile Include="3. 두 큰 수를 곱하는 O%28n^2%29시간 알고리즘.cpp">
      <Filter>소스 파일\프로그래밍 대회에서 배우는 알고리즘 문제 해결 전략\07. 분할 정복%28divide and conquer%29</Filter>
    </ClCompile>
    <ClCompile Include="7.5 쿼드 트리 압축을 해제하는 재귀 호출 알고리즘.cpp">
      <Filter>소스 파일\프로그래밍 대회에서 배우는 알고리즘 문제 해결 전략\07. 분할 정복%28divide and conquer%29</Filter>
    </ClCompile>
    <ClCompile Include="7.6 쿼드 트리 뒤집기 문제를 해결하는 분할 정복 알고리즘.cpp">
      <Filter>소스 파일\프로그래밍 대회에서 배우는 알고리즘 문제 해결 전략\07. 분할 정복%28divide and conquer%29</Filter>
    </ClCompile>
    <ClCompile Include="7.7 울타리 잘라내기 문제를 해결하는O%28n^2%29알고리즘.cpp">
      <Filter>소스 파일\프로그래밍 대회에서 배우는 알고리즘 문제 해결 전략\07. 분할 정복%28divide and conquer%29</Filter>
    </ClCompile>
    <ClCompile Include="7.8 울타리 잘라내기 문제를 해결하는 분할 정복 알고리.cpp">
      <Filter>소스 파일\프로그래밍 대회에서 배우는 알고리즘 문제 해결 전략\07. 분할 정복%28divide and conquer%29</Filter>
    </ClCompile>
    <ClCompile Include="2740 행렬 곱셈.cpp">
      <Filter>소스 파일\백준\20. 분할정복</Filter>
    </ClCompile>
    <ClCompile Include="1992 쿼드트리.cpp">
      <Filter>소스 파일\백준\20. 분할정복</Filter>
    </ClCompile>
    <ClCompile Include="2263 트리의 순회.cpp">
      <Filter>소스 파일\백준\20. 분할정복</Filter>
    </ClCompile>
    <ClCompile Include="21.1 트리의 노드를 표현하는 객체의 구현.cpp">
      <Filter>소스 파일\프로그래밍 대회에서 배우는 알고리즘 문제 해결 전략\21. 트리의 구현과 순회</Filter>
    </ClCompile>
    <ClCompile Include="21.2 트리를 순회하며 모든 노드에 포함된 값을 출력하기.cpp">
      <Filter>소스 파일\프로그래밍 대회에서 배우는 알고리즘 문제 해결 전략\21. 트리의 구현과 순회</Filter>
    </ClCompile>
    <ClCompile Include="21.3 순회를 이용해 트리의 높이를 계산하기.cpp">
      <Filter>소스 파일\프로그래밍 대회에서 배우는 알고리즘 문제 해결 전략\21. 트리의 구현과 순회</Filter>
    </ClCompile>
    <ClCompile Include="21.4 트리 순회 순서 변경 문제를 해결하는 재귀 호출 코드.cpp">
      <Filter>소스 파일\프로그래밍 대회에서 배우는 알고리즘 문제 해결 전략\21. 트리의 구현과 순회</Filter>
    </ClCompile>
    <ClCompile Include="2447 별 찍기 - 10.cpp">
      <Filter>소스 파일\백준\20. 분할정복</Filter>
    </ClCompile>
    <ClCompile Include="1074 z.cpp">
      <Filter>소스 파일\백준\20. 분할정복</Filter>
    </ClCompile>
    <ClCompile Include="Manhattan crepe Cart.cpp">
      <Filter>소스 파일\code jam\code jam 2019\Round B</Filter>
    </ClCompile>
    <ClCompile Include="draupnir.cpp">
      <Filter>소스 파일\code jam\code jam 2019\Round B</Filter>
    </ClCompile>
    <ClCompile Include="Fair Fight.cpp">
      <Filter>소스 파일\code jam\code jam 2019\Round B</Filter>
    </ClCompile>
    <ClCompile Include="2261 가장 가까운 두 점%28pair%29.cpp">
      <Filter>소스 파일\백준\20. 분할정복</Filter>
    </ClCompile>
    <ClCompile Include="1977 완전제곱수.cpp">
      <Filter>소스 파일\백준\21. 수학</Filter>
    </ClCompile>
    <ClCompile Include="1016 제곱 ㄴㄴ 수.cpp">
      <Filter>소스 파일\백준\21. 수학</Filter>
    </ClCompile>
    <ClCompile Include="1015 수열 정렬.cpp">
      <Filter>소스 파일\백준\21. 수학</Filter>
    </ClCompile>
    <ClCompile Include="12796 나의 행렬곱셈 답사기.cpp">
      <Filter>소스 파일\백준\21. 수학</Filter>
    </ClCompile>
  </ItemGroup>
  <ItemGroup>
    <ClInclude Include="p140IntStack.h">
      <Filter>소스 파일\자료구조와 함께 배우는 알고리즘 입문\3장 검색</Filter>
    </ClInclude>
    <ClInclude Include="p142head.h">
      <Filter>소스 파일\자료구조와 함께 배우는 알고리즘 입문\3장 검색</Filter>
    </ClInclude>
    <ClInclude Include="p144큐.h">
      <Filter>소스 파일\자료구조와 함께 배우는 알고리즘 입문\3장 검색</Filter>
    </ClInclude>
    <ClInclude Include="p159 링버퍼큐.h">
      <Filter>소스 파일\자료구조와 함께 배우는 알고리즘 입문\3장 검색</Filter>
    </ClInclude>
  </ItemGroup>
</Project>